
Microsoft Visual Studio Solution File, Format Version 12.00
# Visual Studio Version 16
VisualStudioVersion = 16.0.29613.14
MinimumVisualStudioVersion = 10.0.40219.1
Project("{FAE04EC0-301F-11D3-BF4B-00C04F79EFBC}") = "CodeArt.Episerver.PropertyPack", "CodeArt.Episerver.PropertyPack\CodeArt.Episerver.PropertyPack.csproj", "{22C9B2F1-6E6E-44BE-802A-6DAF0DDE0F75}"
EndProject
Global
	GlobalSection(SolutionConfigurationPlatforms) = preSolution
		Debug|Any CPU = Debug|Any CPU
		Release|Any CPU = Release|Any CPU
	EndGlobalSection
	GlobalSection(ProjectConfigurationPlatforms) = postSolution
		{22C9B2F1-6E6E-44BE-802A-6DAF0DDE0F75}.Debug|Any CPU.ActiveCfg = Debug|Any CPU
		{22C9B2F1-6E6E-44BE-802A-6DAF0DDE0F75}.Debug|Any CPU.Build.0 = Debug|Any CPU
		{22C9B2F1-6E6E-44BE-802A-6DAF0DDE0F75}.Release|Any CPU.ActiveCfg = Release|Any CPU
		{22C9B2F1-6E6E-44BE-802A-6DAF0DDE0F75}.Release|Any CPU.Build.0 = Release|Any CPU
	EndGlobalSection
	GlobalSection(SolutionProperties) = preSolution
		HideSolutionNode = FALSE
	EndGlobalSection
	GlobalSection(ExtensibilityGlobals) = postSolution
		SolutionGuid = {53884050-5D35-41E5-B0F4-3C4CA6D549A6}
	EndGlobalSection
EndGlobal
